{
  "name": "server",
  "lockfileVersion": 3,
  "requires": true,
  "packages": {
    "": {
      "dependencies": {
        "backend": "file:.."
      }
    },
    "..": {
      "name": "backend",
      "version": "1.0.0",
      "license": "ISC",
      "dependencies": {
        "body-parser": "^2.2.2",
        "cors": "^2.8.6",
        "express": "^5.2.1",
        "express-react-views": "^0.11.0",
        "express-session": "^1.19.0",
        "react": "^16.14.0",
        "react-dom": "^16.14.0"
      },
      "devDependencies": {
        "nodemon": "^3.1.14"
      }
    },
    "node_modules/backend": {
      "resolved": "..",
      "link": true
    }
  }
}
